
Microsoft Visual Studio Solution File, Format Version 12.00
# Visual Studio Version 17
VisualStudioVersion = 17.7.34024.191
MinimumVisualStudioVersion = 10.0.40219.1
Project("{9A19103F-16F7-4668-BE54-9A1E7A4F7556}") = "01_Intro", "01_Intro\01_Intro.csproj", "{E501648C-1A05-4D85-B14F-E04ADB283CED}"
EndProject
Project("{9A19103F-16F7-4668-BE54-9A1E7A4F7556}") = "02_Intro", "02_Intro\02_Intro.csproj", "{DC5CE923-EFBA-4FF1-A8B6-764636F18AC6}"
EndProject
Project("{9A19103F-16F7-4668-BE54-9A1E7A4F7556}") = "03_WebAPI", "03_WebAPI\03_WebAPI.csproj", "{8A2165BF-4202-453C-AC01-77E8A7941D98}"
EndProject
Project("{9A19103F-16F7-4668-BE54-9A1E7A4F7556}") = "04_HttpMethods", "04_HttpMethods\04_HttpMethods.csproj", "{3D12394B-93AC-4054-A0CF-566733FE4238}"
EndProject
Project("{9A19103F-16F7-4668-BE54-9A1E7A4F7556}") = "05_ModelBlinding", "05_ModelBlinding\05_ModelBlinding.csproj", "{8362BFBD-B290-491B-9314-E49E03D640EB}"
EndProject
Project("{2150E333-8FDC-42A3-9474-1A3956D46DE8}") = "06_CustomTagHelper", "06_CustomTagHelper", "{58769341-EA3B-4B80-8332-B80461C60068}"
EndProject
Project("{9A19103F-16F7-4668-BE54-9A1E7A4F7556}") = "CustomTagHelper", "CustomTagHelper\CustomTagHelper.csproj", "{3F9717D7-1547-48D2-B646-38A80ADB8195}"
EndProject
Project("{9A19103F-16F7-4668-BE54-9A1E7A4F7556}") = "06_ModelBinding02", "06_ModelBinding02\06_ModelBinding02.csproj", "{4465C07C-2E44-41EE-8F36-85FB521ACA70}"
EndProject
Project("{9A19103F-16F7-4668-BE54-9A1E7A4F7556}") = "07_FluentValidation", "07_FluentValidation\07_FluentValidation.csproj", "{F5E2E1D9-0231-4ADE-9C42-1D669B4443DE}"
EndProject
Project("{9A19103F-16F7-4668-BE54-9A1E7A4F7556}") = "08_ValidationMVC", "08_ValidationMVC\08_ValidationMVC.csproj", "{9DB1DE49-CB3F-4460-AFBA-40AC2117D013}"
EndProject
Project("{9A19103F-16F7-4668-BE54-9A1E7A4F7556}") = "09_CustomModelBinder", "09_CustomModelBinder\09_CustomModelBinder.csproj", "{09820A4A-87B4-4092-BE01-9408772BD15D}"
EndProject
Project("{9A19103F-16F7-4668-BE54-9A1E7A4F7556}") = "10-CustomModelBinder", "10-CustomModelBinder\10-CustomModelBinder.csproj", "{B42523CE-387D-4855-8CEA-06FF7A5865A8}"
EndProject
Project("{9A19103F-16F7-4668-BE54-9A1E7A4F7556}") = "11-Polymorphism", "11-Polymorphism\11-Polymorphism.csproj", "{2634DCED-D4BE-4294-8773-430C20FA1F91}"
EndProject
Project("{FAE04EC0-301F-11D3-BF4B-00C04F79EFBC}") = "12-AbstractClass", "12-AbstractClass\12-AbstractClass.csproj", "{0F5ECD56-67DB-4DC6-B520-7E0223343E1E}"
EndProject
Global
	GlobalSection(SolutionConfigurationPlatforms) = preSolution
		Debug|Any CPU = Debug|Any CPU
		Release|Any CPU = Release|Any CPU
	EndGlobalSection
	GlobalSection(ProjectConfigurationPlatforms) = postSolution
		{E501648C-1A05-4D85-B14F-E04ADB283CED}.Debug|Any CPU.ActiveCfg = Debug|Any CPU
		{E501648C-1A05-4D85-B14F-E04ADB283CED}.Debug|Any CPU.Build.0 = Debug|Any CPU
		{E501648C-1A05-4D85-B14F-E04ADB283CED}.Release|Any CPU.ActiveCfg = Release|Any CPU
		{E501648C-1A05-4D85-B14F-E04ADB283CED}.Release|Any CPU.Build.0 = Release|Any CPU
		{DC5CE923-EFBA-4FF1-A8B6-764636F18AC6}.Debug|Any CPU.ActiveCfg = Debug|Any CPU
		{DC5CE923-EFBA-4FF1-A8B6-764636F18AC6}.Debug|Any CPU.Build.0 = Debug|Any CPU
		{DC5CE923-EFBA-4FF1-A8B6-764636F18AC6}.Release|Any CPU.ActiveCfg = Release|Any CPU
		{DC5CE923-EFBA-4FF1-A8B6-764636F18AC6}.Release|Any CPU.Build.0 = Release|Any CPU
		{8A2165BF-4202-453C-AC01-77E8A7941D98}.Debug|Any CPU.ActiveCfg = Debug|Any CPU
		{8A2165BF-4202-453C-AC01-77E8A7941D98}.Debug|Any CPU.Build.0 = Debug|Any CPU
		{8A2165BF-4202-453C-AC01-77E8A7941D98}.Release|Any CPU.ActiveCfg = Release|Any CPU
		{8A2165BF-4202-453C-AC01-77E8A7941D98}.Release|Any CPU.Build.0 = Release|Any CPU
		{3D12394B-93AC-4054-A0CF-566733FE4238}.Debug|Any CPU.ActiveCfg = Debug|Any CPU
		{3D12394B-93AC-4054-A0CF-566733FE4238}.Debug|Any CPU.Build.0 = Debug|Any CPU
		{3D12394B-93AC-4054-A0CF-566733FE4238}.Release|Any CPU.ActiveCfg = Release|Any CPU
		{3D12394B-93AC-4054-A0CF-566733FE4238}.Release|Any CPU.Build.0 = Release|Any CPU
		{8362BFBD-B290-491B-9314-E49E03D640EB}.Debug|Any CPU.ActiveCfg = Debug|Any CPU
		{8362BFBD-B290-491B-9314-E49E03D640EB}.Debug|Any CPU.Build.0 = Debug|Any CPU
		{8362BFBD-B290-491B-9314-E49E03D640EB}.Release|Any CPU.ActiveCfg = Release|Any CPU
		{8362BFBD-B290-491B-9314-E49E03D640EB}.Release|Any CPU.Build.0 = Release|Any CPU
		{3F9717D7-1547-48D2-B646-38A80ADB8195}.Debug|Any CPU.ActiveCfg = Debug|Any CPU
		{3F9717D7-1547-48D2-B646-38A80ADB8195}.Debug|Any CPU.Build.0 = Debug|Any CPU
		{3F9717D7-1547-48D2-B646-38A80ADB8195}.Release|Any CPU.ActiveCfg = Release|Any CPU
		{3F9717D7-1547-48D2-B646-38A80ADB8195}.Release|Any CPU.Build.0 = Release|Any CPU
		{4465C07C-2E44-41EE-8F36-85FB521ACA70}.Debug|Any CPU.ActiveCfg = Debug|Any CPU
		{4465C07C-2E44-41EE-8F36-85FB521ACA70}.Debug|Any CPU.Build.0 = Debug|Any CPU
		{4465C07C-2E44-41EE-8F36-85FB521ACA70}.Release|Any CPU.ActiveCfg = Release|Any CPU
		{4465C07C-2E44-41EE-8F36-85FB521ACA70}.Release|Any CPU.Build.0 = Release|Any CPU
		{F5E2E1D9-0231-4ADE-9C42-1D669B4443DE}.Debug|Any CPU.ActiveCfg = Debug|Any CPU
		{F5E2E1D9-0231-4ADE-9C42-1D669B4443DE}.Debug|Any CPU.Build.0 = Debug|Any CPU
		{F5E2E1D9-0231-4ADE-9C42-1D669B4443DE}.Release|Any CPU.ActiveCfg = Release|Any CPU
		{F5E2E1D9-0231-4ADE-9C42-1D669B4443DE}.Release|Any CPU.Build.0 = Release|Any CPU
		{9DB1DE49-CB3F-4460-AFBA-40AC2117D013}.Debug|Any CPU.ActiveCfg = Debug|Any CPU
		{9DB1DE49-CB3F-4460-AFBA-40AC2117D013}.Debug|Any CPU.Build.0 = Debug|Any CPU
		{9DB1DE49-CB3F-4460-AFBA-40AC2117D013}.Release|Any CPU.ActiveCfg = Release|Any CPU
		{9DB1DE49-CB3F-4460-AFBA-40AC2117D013}.Release|Any CPU.Build.0 = Release|Any CPU
		{09820A4A-87B4-4092-BE01-9408772BD15D}.Debug|Any CPU.ActiveCfg = Debug|Any CPU
		{09820A4A-87B4-4092-BE01-9408772BD15D}.Debug|Any CPU.Build.0 = Debug|Any CPU
		{09820A4A-87B4-4092-BE01-9408772BD15D}.Release|Any CPU.ActiveCfg = Release|Any CPU
		{09820A4A-87B4-4092-BE01-9408772BD15D}.Release|Any CPU.Build.0 = Release|Any CPU
		{B42523CE-387D-4855-8CEA-06FF7A5865A8}.Debug|Any CPU.ActiveCfg = Debug|Any CPU
		{B42523CE-387D-4855-8CEA-06FF7A5865A8}.Debug|Any CPU.Build.0 = Debug|Any CPU
		{B42523CE-387D-4855-8CEA-06FF7A5865A8}.Release|Any CPU.ActiveCfg = Release|Any CPU
		{B42523CE-387D-4855-8CEA-06FF7A5865A8}.Release|Any CPU.Build.0 = Release|Any CPU
		{2634DCED-D4BE-4294-8773-430C20FA1F91}.Debug|Any CPU.ActiveCfg = Debug|Any CPU
		{2634DCED-D4BE-4294-8773-430C20FA1F91}.Debug|Any CPU.Build.0 = Debug|Any CPU
		{2634DCED-D4BE-4294-8773-430C20FA1F91}.Release|Any CPU.ActiveCfg = Release|Any CPU
		{2634DCED-D4BE-4294-8773-430C20FA1F91}.Release|Any CPU.Build.0 = Release|Any CPU
		{0F5ECD56-67DB-4DC6-B520-7E0223343E1E}.Debug|Any CPU.ActiveCfg = Debug|Any CPU
		{0F5ECD56-67DB-4DC6-B520-7E0223343E1E}.Debug|Any CPU.Build.0 = Debug|Any CPU
		{0F5ECD56-67DB-4DC6-B520-7E0223343E1E}.Release|Any CPU.ActiveCfg = Release|Any CPU
		{0F5ECD56-67DB-4DC6-B520-7E0223343E1E}.Release|Any CPU.Build.0 = Release|Any CPU
	EndGlobalSection
	GlobalSection(SolutionProperties) = preSolution
		HideSolutionNode = FALSE
	EndGlobalSection
	GlobalSection(NestedProjects) = preSolution
		{3F9717D7-1547-48D2-B646-38A80ADB8195} = {58769341-EA3B-4B80-8332-B80461C60068}
	EndGlobalSection
	GlobalSection(ExtensibilityGlobals) = postSolution
		SolutionGuid = {B95EC56D-84D2-4070-93FB-B42D1CBC86E5}
	EndGlobalSection
EndGlobal
